
Microsoft Visual Studio Solution File, Format Version 12.00
# Visual Studio Version 17
VisualStudioVersion = 17.4.33213.308
MinimumVisualStudioVersion = 10.0.40219.1
Project("{FAE04EC0-301F-11D3-BF4B-00C04F79EFBC}") = "Fruits", "Fruits\Fruits.csproj", "{8F52A9D9-574E-4F9D-BF87-AF86A7CA2335}"
EndProject
Global
	GlobalSection(SolutionConfigurationPlatforms) = preSolution
		Debug|Any CPU = Debug|Any CPU
		Release|Any CPU = Release|Any CPU
	EndGlobalSection
	GlobalSection(ProjectConfigurationPlatforms) = postSolution
		{8F52A9D9-574E-4F9D-BF87-AF86A7CA2335}.Debug|Any CPU.ActiveCfg = Debug|Any CPU
		{8F52A9D9-574E-4F9D-BF87-AF86A7CA2335}.Debug|Any CPU.Build.0 = Debug|Any CPU
		{8F52A9D9-574E-4F9D-BF87-AF86A7CA2335}.Release|Any CPU.ActiveCfg = Release|Any CPU
		{8F52A9D9-574E-4F9D-BF87-AF86A7CA2335}.Release|Any CPU.Build.0 = Release|Any CPU
	EndGlobalSection
	GlobalSection(SolutionProperties) = preSolution
		HideSolutionNode = FALSE
	EndGlobalSection
	GlobalSection(ExtensibilityGlobals) = postSolution
		SolutionGuid = {1D1CD6B8-B77E-4934-B43D-87B08B31E04B}
	EndGlobalSection
EndGlobal
